github.com/johnsmithgit143/gobase/include v0.0.0-20220909050349-086c8c05720b h1:12qFxdbFuiF8dcotj8saKSmV5VvLOcIN4n87ngDvyfk=
github.com/johnsmithgit143/gobase/include v0.0.0-20220909050349-086c8c05720b/go.mod h1:BNf4S7gdKCwRbSthV8G3ncQ5/S9vPqW8TDP7xuvLvfQ=
github.com/johnsmithgit143/gobase/include v0.0.0-20220909050630-cc933501a784 h1:KoOqgj3p4EzlHA4ItaRkRpxA6yoOxjzrNUg9jBlrQQQ=
github.com/johnsmithgit143/gobase/include v0.0.0-20220909050630-cc933501a784/go.mod h1:BNf4S7gdKCwRbSthV8G3ncQ5/S9vPqW8TDP7xuvLvfQ=
